
Microsoft Visual Studio Solution File, Format Version 12.00
# Visual Studio Version 17
VisualStudioVersion = 17.14.36401.2
MinimumVisualStudioVersion = 10.0.40219.1
Project("{FAE04EC0-301F-11D3-BF4B-00C04F79EFBC}") = "EPMS.Api", "EPMS.Api\EPMS.Api.csproj", "{B129A626-2ED5-4F00-A5FC-D07A1B87831B}"
EndProject
Project("{FAE04EC0-301F-11D3-BF4B-00C04F79EFBC}") = "EPMS.Domain", "EPMS.Domain\EPMS.Domain.csproj", "{3485FE76-EF79-4777-9C89-F928BA4C7159}"
EndProject
Project("{FAE04EC0-301F-11D3-BF4B-00C04F79EFBC}") = "EPMS.Infrastructure", "EPMS.Infrastructure\EPMS.Infrastructure.csproj", "{9EF067DD-B08B-419D-82FF-7A2300572B84}"
EndProject
Project("{FAE04EC0-301F-11D3-BF4B-00C04F79EFBC}") = "EPMS.Shared", "EPMS.Shared\EPMS.Shared.csproj", "{6952313F-988B-40DF-BF02-2FFF9F32B709}"
EndProject
Project("{FAE04EC0-301F-11D3-BF4B-00C04F79EFBC}") = "EPMS.Application", "EPMS.Application\EPMS.Application.csproj", "{EAD12547-5C7D-4B04-B250-E7B07BDD55CB}"
EndProject
Project("{FAE04EC0-301F-11D3-BF4B-00C04F79EFBC}") = "EPMS.Blazor", "EPMS.Blazor\EPMS.Blazor.csproj", "{8E94A125-71D2-456A-8D4F-311D4CCEA5C8}"
EndProject
Global
	GlobalSection(SolutionConfigurationPlatforms) = preSolution
		Debug|Any CPU = Debug|Any CPU
		Release|Any CPU = Release|Any CPU
	EndGlobalSection
	GlobalSection(ProjectConfigurationPlatforms) = postSolution
		{B129A626-2ED5-4F00-A5FC-D07A1B87831B}.Debug|Any CPU.ActiveCfg = Debug|Any CPU
		{B129A626-2ED5-4F00-A5FC-D07A1B87831B}.Debug|Any CPU.Build.0 = Debug|Any CPU
		{B129A626-2ED5-4F00-A5FC-D07A1B87831B}.Release|Any CPU.ActiveCfg = Release|Any CPU
		{B129A626-2ED5-4F00-A5FC-D07A1B87831B}.Release|Any CPU.Build.0 = Release|Any CPU
		{3485FE76-EF79-4777-9C89-F928BA4C7159}.Debug|Any CPU.ActiveCfg = Debug|Any CPU
		{3485FE76-EF79-4777-9C89-F928BA4C7159}.Debug|Any CPU.Build.0 = Debug|Any CPU
		{3485FE76-EF79-4777-9C89-F928BA4C7159}.Release|Any CPU.ActiveCfg = Release|Any CPU
		{3485FE76-EF79-4777-9C89-F928BA4C7159}.Release|Any CPU.Build.0 = Release|Any CPU
		{9EF067DD-B08B-419D-82FF-7A2300572B84}.Debug|Any CPU.ActiveCfg = Debug|Any CPU
		{9EF067DD-B08B-419D-82FF-7A2300572B84}.Debug|Any CPU.Build.0 = Debug|Any CPU
		{9EF067DD-B08B-419D-82FF-7A2300572B84}.Release|Any CPU.ActiveCfg = Release|Any CPU
		{9EF067DD-B08B-419D-82FF-7A2300572B84}.Release|Any CPU.Build.0 = Release|Any CPU
		{6952313F-988B-40DF-BF02-2FFF9F32B709}.Debug|Any CPU.ActiveCfg = Debug|Any CPU
		{6952313F-988B-40DF-BF02-2FFF9F32B709}.Debug|Any CPU.Build.0 = Debug|Any CPU
		{6952313F-988B-40DF-BF02-2FFF9F32B709}.Release|Any CPU.ActiveCfg = Release|Any CPU
		{6952313F-988B-40DF-BF02-2FFF9F32B709}.Release|Any CPU.Build.0 = Release|Any CPU
		{EAD12547-5C7D-4B04-B250-E7B07BDD55CB}.Debug|Any CPU.ActiveCfg = Debug|Any CPU
		{EAD12547-5C7D-4B04-B250-E7B07BDD55CB}.Debug|Any CPU.Build.0 = Debug|Any CPU
		{EAD12547-5C7D-4B04-B250-E7B07BDD55CB}.Release|Any CPU.ActiveCfg = Release|Any CPU
		{EAD12547-5C7D-4B04-B250-E7B07BDD55CB}.Release|Any CPU.Build.0 = Release|Any CPU
		{8E94A125-71D2-456A-8D4F-311D4CCEA5C8}.Debug|Any CPU.ActiveCfg = Debug|Any CPU
		{8E94A125-71D2-456A-8D4F-311D4CCEA5C8}.Debug|Any CPU.Build.0 = Debug|Any CPU
		{8E94A125-71D2-456A-8D4F-311D4CCEA5C8}.Release|Any CPU.ActiveCfg = Release|Any CPU
		{8E94A125-71D2-456A-8D4F-311D4CCEA5C8}.Release|Any CPU.Build.0 = Release|Any CPU
	EndGlobalSection
	GlobalSection(SolutionProperties) = preSolution
		HideSolutionNode = FALSE
	EndGlobalSection
	GlobalSection(ExtensibilityGlobals) = postSolution
		SolutionGuid = {2E6B597C-359A-4E04-B5A4-D118E2A6FB08}
	EndGlobalSection
EndGlobal
